
Microsoft Visual Studio Solution File, Format Version 12.00
# Visual Studio Version 16
VisualStudioVersion = 16.0.29905.134
MinimumVisualStudioVersion = 10.0.40219.1
Project("{FAE04EC0-301F-11D3-BF4B-00C04F79EFBC}") = "Kolokwium_02", "Kolokwium_02\Kolokwium_02.csproj", "{683119FD-23E5-40A3-AFAE-2344ADE419A0}"
EndProject
Global
	GlobalSection(SolutionConfigurationPlatforms) = preSolution
		Debug|Any CPU = Debug|Any CPU
		Release|Any CPU = Release|Any CPU
	EndGlobalSection
	GlobalSection(ProjectConfigurationPlatforms) = postSolution
		{683119FD-23E5-40A3-AFAE-2344ADE419A0}.Debug|Any CPU.ActiveCfg = Debug|Any CPU
		{683119FD-23E5-40A3-AFAE-2344ADE419A0}.Debug|Any CPU.Build.0 = Debug|Any CPU
		{683119FD-23E5-40A3-AFAE-2344ADE419A0}.Release|Any CPU.ActiveCfg = Release|Any CPU
		{683119FD-23E5-40A3-AFAE-2344ADE419A0}.Release|Any CPU.Build.0 = Release|Any CPU
	EndGlobalSection
	GlobalSection(SolutionProperties) = preSolution
		HideSolutionNode = FALSE
	EndGlobalSection
	GlobalSection(ExtensibilityGlobals) = postSolution
		SolutionGuid = {B1197655-B59A-4157-91F3-0A436E7A9D6E}
	EndGlobalSection
EndGlobal
